<?xml version="1.0" encoding="utf-8"?>
<Project ToolsVersion="4.0" xmlns="http://schemas.microsoft.com/developer/msbuild/2003">
  <ItemGroup>
    <Filter Include="Source Files">
      <UniqueIdentifier>{4FC737F1-C7A5-4376-A066-2A32D752A2FF}</UniqueIdentifier>
      <Extensions>cpp;c;cc;cxx;c++;cppm;ixx;def;odl;idl;hpj;bat;asm;asmx</Extensions>
    </Filter>
    <Filter Include="Header Files">
      <UniqueIdentifier>{93995380-89BD-4b04-88EB-625FBE52EBFB}</UniqueIdentifier>
      <Extensions>h;hh;hpp;hxx;h++;hm;inl;inc;ipp;xsd</Extensions>
    </Filter>
    <Filter Include="Resource Files">
      <UniqueIdentifier>{67DA6AB6-F800-4c08-8B7A-83BB121AAD01}</UniqueIdentifier>
      <Extensions>rc;ico;cur;bmp;dlg;rc2;rct;bin;rgs;gif;jpg;jpeg;jpe;resx;tiff;tif;png;wav;mfcribbon-ms</Extensions>
    </Filter>
  </ItemGroup>
  <ItemGroup>
    <ClInclude Include="framework.h">
      <Filter>Header Files</Filter>
    </ClInclude>
    <ClInclude Include="pch.h">
      <Filter>Header Files</Filter>
    </ClInclude>
    <ClInclude Include="Runtime\BaseClasses\BaseObject.h">
      <Filter>Header Files</Filter>
    </ClInclude>
    <ClInclude Include="Runtime\Graphics\Transform.h">
      <Filter>Header Files</Filter>
    </ClInclude>
    <ClInclude Include="Runtime\Math\FloatConversion.h">
      <Filter>Header Files</Filter>
    </ClInclude>
    <ClInclude Include="Runtime\Math\Matrix3x3.h">
      <Filter>Header Files</Filter>
    </ClInclude>
    <ClInclude Include="Runtime\Math\Matrix4x4.h">
      <Filter>Header Files</Filter>
    </ClInclude>
    <ClInclude Include="Runtime\Math\Quaternion.h">
      <Filter>Header Files</Filter>
    </ClInclude>
    <ClInclude Include="Runtime\Math\Vector2.h">
      <Filter>Header Files</Filter>
    </ClInclude>
    <ClInclude Include="Runtime\Math\Vector3.h">
      <Filter>Header Files</Filter>
    </ClInclude>
    <ClInclude Include="Runtime\Math\Vector4.h">
      <Filter>Header Files</Filter>
    </ClInclude>
    <ClInclude Include="Runtime\mecanim\defs.h">
      <Filter>Header Files</Filter>
    </ClInclude>
    <ClInclude Include="Runtime\mecanim\types.h">
      <Filter>Header Files</Filter>
    </ClInclude>
    <ClInclude Include="Runtime\Misc\CPUInfo.h">
      <Filter>Header Files</Filter>
    </ClInclude>
    <ClInclude Include="Runtime\Utilities\EnumFlags.h">
      <Filter>Header Files</Filter>
    </ClInclude>
    <ClInclude Include="Runtime\Utilities\LogAssert.h">
      <Filter>Header Files</Filter>
    </ClInclude>
    <ClInclude Include="Runtime\Utilities\Prefetch.h">
      <Filter>Header Files</Filter>
    </ClInclude>
    <ClInclude Include="Runtime\Utilities\RecursionLimit.h">
      <Filter>Header Files</Filter>
    </ClInclude>
    <ClInclude Include="Runtime\Utilities\StaticAssert.h">
      <Filter>Header Files</Filter>
    </ClInclude>
    <ClInclude Include="Runtime\Utilities\Utility.h">
      <Filter>Header Files</Filter>
    </ClInclude>
    <ClInclude Include="Runtime\Utilities\ValidateArgs.h">
      <Filter>Header Files</Filter>
    </ClInclude>
    <ClInclude Include="Runtime\YB\EPSolver.h">
      <Filter>Header Files</Filter>
    </ClInclude>
    <ClInclude Include="YBMath.h">
      <Filter>Header Files</Filter>
    </ClInclude>
    <ClInclude Include="Runtime\YB\MathClass.h">
      <Filter>Header Files</Filter>
    </ClInclude>
    <ClInclude Include="Runtime\Camera\Camera.h">
      <Filter>Header Files</Filter>
    </ClInclude>
    <ClInclude Include="Runtime\Math\Rect.h">
      <Filter>Header Files</Filter>
    </ClInclude>
    <ClInclude Include="Runtime\Geometry\Ray.h">
      <Filter>Header Files</Filter>
    </ClInclude>
    <ClInclude Include="Runtime\Utilities\Word.h">
      <Filter>Header Files</Filter>
    </ClInclude>
    <ClInclude Include="Runtime\Geometry\Plane.h">
      <Filter>Header Files</Filter>
    </ClInclude>
    <ClInclude Include="Runtime\Math\Simd\bool1.h">
      <Filter>Header Files</Filter>
    </ClInclude>
    <ClInclude Include="Runtime\Math\Simd\bool4.h">
      <Filter>Header Files</Filter>
    </ClInclude>
    <ClInclude Include="Runtime\Math\Simd\float1.h">
      <Filter>Header Files</Filter>
    </ClInclude>
    <ClInclude Include="Runtime\Math\Simd\float4.h">
      <Filter>Header Files</Filter>
    </ClInclude>
    <ClInclude Include="Runtime\Math\Simd\fpu.h">
      <Filter>Header Files</Filter>
    </ClInclude>
    <ClInclude Include="Runtime\Math\Simd\intrinsic.h">
      <Filter>Header Files</Filter>
    </ClInclude>
    <ClInclude Include="Runtime\Math\Simd\math.h">
      <Filter>Header Files</Filter>
    </ClInclude>
    <ClInclude Include="Runtime\Math\Simd\Matrix4x4Simd.h">
      <Filter>Header Files</Filter>
    </ClInclude>
    <ClInclude Include="Runtime\Math\Simd\neon.h">
      <Filter>Header Files</Filter>
    </ClInclude>
    <ClInclude Include="Runtime\Math\Simd\ppu.h">
      <Filter>Header Files</Filter>
    </ClInclude>
    <ClInclude Include="Runtime\Math\Simd\quaternion.h">
      <Filter>Header Files</Filter>
    </ClInclude>
    <ClInclude Include="Runtime\Math\Simd\SimdMath.h">
      <Filter>Header Files</Filter>
    </ClInclude>
    <ClInclude Include="Runtime\Math\Simd\sse.h">
      <Filter>Header Files</Filter>
    </ClInclude>
    <ClInclude Include="Runtime\Math\Simd\xenon.h">
      <Filter>Header Files</Filter>
    </ClInclude>
    <ClInclude Include="Runtime\Math\Simd\xform.h">
      <Filter>Header Files</Filter>
    </ClInclude>
  </ItemGroup>
  <ItemGroup>
    <ClCompile Include="pch.cpp">
      <Filter>Source Files</Filter>
    </ClCompile>
    <ClCompile Include="Runtime\Graphics\Transform.cpp">
      <Filter>Source Files</Filter>
    </ClCompile>
    <ClCompile Include="Runtime\Math\FloatConversion.cpp">
      <Filter>Source Files</Filter>
    </ClCompile>
    <ClCompile Include="Runtime\Math\Matrix3x3.cpp">
      <Filter>Source Files</Filter>
    </ClCompile>
    <ClCompile Include="Runtime\Math\Matrix4x4.cpp">
      <Filter>Source Files</Filter>
    </ClCompile>
    <ClCompile Include="Runtime\Math\Matrix4x4_REF.cpp">
      <Filter>Source Files</Filter>
    </ClCompile>
    <ClCompile Include="Runtime\Math\Quaternion.cpp">
      <Filter>Source Files</Filter>
    </ClCompile>
    <ClCompile Include="Runtime\Math\Vector2.cpp">
      <Filter>Source Files</Filter>
    </ClCompile>
    <ClCompile Include="Runtime\Math\Vector3.cpp">
      <Filter>Source Files</Filter>
    </ClCompile>
    <ClCompile Include="Runtime\Misc\CPUInfo.cpp">
      <Filter>Source Files</Filter>
    </ClCompile>
    <ClCompile Include="Runtime\YB\EPSolver.cpp">
      <Filter>Source Files</Filter>
    </ClCompile>
    <ClCompile Include="YBMath.cpp">
      <Filter>Source Files</Filter>
    </ClCompile>
    <ClCompile Include="Runtime\YB\MathClass.cpp">
      <Filter>Source Files</Filter>
    </ClCompile>
    <ClCompile Include="Runtime\Camera\Camera.cpp">
      <Filter>Source Files</Filter>
    </ClCompile>
    <ClCompile Include="Runtime\Geometry\Ray.cpp">
      <Filter>Source Files</Filter>
    </ClCompile>
    <ClCompile Include="Runtime\Utilities\Word.cpp">
      <Filter>Source Files</Filter>
    </ClCompile>
    <ClCompile Include="Runtime\Utilities\nms.cpp">
      <Filter>Source Files</Filter>
    </ClCompile>
  </ItemGroup>
</Project>